
Microsoft Visual Studio Solution File, Format Version 12.00
# Visual Studio Version 16
VisualStudioVersion = 16.0.28803.352
MinimumVisualStudioVersion = 10.0.40219.1
Project("{FAE04EC0-301F-11D3-BF4B-00C04F79EFBC}") = "MateuszPietrzakProjekt2", "MateuszPietrzakProjekt2\MateuszPietrzakProjekt2.csproj", "{CDFAF73A-4CB7-4080-8921-CAF3EC190B16}"
EndProject
Global
	GlobalSection(SolutionConfigurationPlatforms) = preSolution
		Debug|Any CPU = Debug|Any CPU
		Release|Any CPU = Release|Any CPU
	EndGlobalSection
	GlobalSection(ProjectConfigurationPlatforms) = postSolution
		{CDFAF73A-4CB7-4080-8921-CAF3EC190B16}.Debug|Any CPU.ActiveCfg = Debug|Any CPU
		{CDFAF73A-4CB7-4080-8921-CAF3EC190B16}.Debug|Any CPU.Build.0 = Debug|Any CPU
		{CDFAF73A-4CB7-4080-8921-CAF3EC190B16}.Release|Any CPU.ActiveCfg = Release|Any CPU
		{CDFAF73A-4CB7-4080-8921-CAF3EC190B16}.Release|Any CPU.Build.0 = Release|Any CPU
	EndGlobalSection
	GlobalSection(SolutionProperties) = preSolution
		HideSolutionNode = FALSE
	EndGlobalSection
	GlobalSection(ExtensibilityGlobals) = postSolution
		SolutionGuid = {1D7D7CE7-9C86-4DD2-89E9-A59F6B741C2C}
	EndGlobalSection
EndGlobal
